// !$*UTF8*$!
{
	archiveVersion = 1;
	classes = {
	};
	objectVersion = 56;
	objects = {

/* Begin PBXBuildFile section */
		0428652D29A131A60060D078 /* ShopCartTableViewCell.swift in Sources */ = {isa = PBXBuildFile; fileRef = 0428652C29A131A60060D078 /* ShopCartTableViewCell.swift */; };
		0428653129A133C70060D078 /* modelShopcart.swift in Sources */ = {isa = PBXBuildFile; fileRef = 0428653029A133C70060D078 /* modelShopcart.swift */; };
		048FD57E299BA3CA0060A447 /* AppDelegate.swift in Sources */ = {isa = PBXBuildFile; fileRef = 048FD57D299BA3CA0060A447 /* AppDelegate.swift */; };
		048FD587299BA3CC0060A447 /* Assets.xcassets in Resources */ = {isa = PBXBuildFile; fileRef = 048FD586299BA3CC0060A447 /* Assets.xcassets */; };
		048FD58A299BA3CC0060A447 /* LaunchScreen.storyboard in Resources */ = {isa = PBXBuildFile; fileRef = 048FD588299BA3CC0060A447 /* LaunchScreen.storyboard */; };
		048FD597299BA6F60060A447 /* layout.swift in Sources */ = {isa = PBXBuildFile; fileRef = 048FD596299BA6F60060A447 /* layout.swift */; };
		048FD599299BA7630060A447 /* TabBarViewController.swift in Sources */ = {isa = PBXBuildFile; fileRef = 048FD598299BA7630060A447 /* TabBarViewController.swift */; };
		048FD59B299BA7DC0060A447 /* HomeViewController.swift in Sources */ = {isa = PBXBuildFile; fileRef = 048FD59A299BA7DC0060A447 /* HomeViewController.swift */; };
		048FD59D299BA7F00060A447 /* CategoryViewController.swift in Sources */ = {isa = PBXBuildFile; fileRef = 048FD59C299BA7F00060A447 /* CategoryViewController.swift */; };
		048FD59F299BA8020060A447 /* MessageViewController.swift in Sources */ = {isa = PBXBuildFile; fileRef = 048FD59E299BA8020060A447 /* MessageViewController.swift */; };
		048FD5A1299BA8DA0060A447 /* ShopcartViewController.swift in Sources */ = {isa = PBXBuildFile; fileRef = 048FD5A0299BA8DA0060A447 /* ShopcartViewController.swift */; };
		048FD5A3299BA8E80060A447 /* AccountViewController.swift in Sources */ = {isa = PBXBuildFile; fileRef = 048FD5A2299BA8E80060A447 /* AccountViewController.swift */; };
		048FD5A6299C00E20060A447 /* HomeTableViewCell.swift in Sources */ = {isa = PBXBuildFile; fileRef = 048FD5A5299C00E20060A447 /* HomeTableViewCell.swift */; };
		048FD5A8299C00FF0060A447 /* HeaderHome.swift in Sources */ = {isa = PBXBuildFile; fileRef = 048FD5A7299C00FF0060A447 /* HeaderHome.swift */; };
		048FD5AA299C01330060A447 /* model.swift in Sources */ = {isa = PBXBuildFile; fileRef = 048FD5A9299C01330060A447 /* model.swift */; };
		04A1AF2F29A2DA9200791FC2 /* CollectionViewCell.swift in Sources */ = {isa = PBXBuildFile; fileRef = 04A1AF2E29A2DA9200791FC2 /* CollectionViewCell.swift */; };
		04A1AF3129A2DF9200791FC2 /* modelCategory.swift in Sources */ = {isa = PBXBuildFile; fileRef = 04A1AF3029A2DF9200791FC2 /* modelCategory.swift */; };
		04DBED89299FD0EB00259FA6 /* MessageTableViewCell.swift in Sources */ = {isa = PBXBuildFile; fileRef = 04DBED88299FD0EB00259FA6 /* MessageTableViewCell.swift */; };
		04DBED8B299FD72400259FA6 /* modelForMessage.swift in Sources */ = {isa = PBXBuildFile; fileRef = 04DBED8A299FD72400259FA6 /* modelForMessage.swift */; };
		04DBED8D299FEE6B00259FA6 /* ProfilItemsVC.swift in Sources */ = {isa = PBXBuildFile; fileRef = 04DBED8C299FEE6B00259FA6 /* ProfilItemsVC.swift */; };
/* End PBXBuildFile section */

/* Begin PBXFileReference section */
		0428652C29A131A60060D078 /* ShopCartTableViewCell.swift */ = {isa = PBXFileReference; lastKnownFileType = sourcecode.swift; path = ShopCartTableViewCell.swift; sourceTree = "<group>"; };
		0428653029A133C70060D078 /* modelShopcart.swift */ = {isa = PBXFileReference; lastKnownFileType = sourcecode.swift; path = modelShopcart.swift; sourceTree = "<group>"; };
		048FD57A299BA3CA0060A447 /* Kavsar project.app */ = {isa = PBXFileReference; explicitFileType = wrapper.application; includeInIndex = 0; path = "Kavsar project.app"; sourceTree = BUILT_PRODUCTS_DIR; };
		048FD57D299BA3CA0060A447 /* AppDelegate.swift */ = {isa = PBXFileReference; lastKnownFileType = sourcecode.swift; path = AppDelegate.swift; sourceTree = "<group>"; };
		048FD586299BA3CC0060A447 /* Assets.xcassets */ = {isa = PBXFileReference; lastKnownFileType = folder.assetcatalog; path = Assets.xcassets; sourceTree = "<group>"; };
		048FD589299BA3CC0060A447 /* Base */ = {isa = PBXFileReference; lastKnownFileType = file.storyboard; name = Base; path = Base.lproj/LaunchScreen.storyboard; sourceTree = "<group>"; };
		048FD58B299BA3CC0060A447 /* Info.plist */ = {isa = PBXFileReference; lastKnownFileType = text.plist.xml; path = Info.plist; sourceTree = "<group>"; };
		048FD596299BA6F60060A447 /* layout.swift */ = {isa = PBXFileReference; lastKnownFileType = sourcecode.swift; path = layout.swift; sourceTree = "<group>"; };
		048FD598299BA7630060A447 /* TabBarViewController.swift */ = {isa = PBXFileReference; lastKnownFileType = sourcecode.swift; path = TabBarViewController.swift; sourceTree = "<group>"; };
		048FD59A299BA7DC0060A447 /* HomeViewController.swift */ = {isa = PBXFileReference; lastKnownFileType = sourcecode.swift; path = HomeViewController.swift; sourceTree = "<group>"; };
		048FD59C299BA7F00060A447 /* CategoryViewController.swift */ = {isa = PBXFileReference; lastKnownFileType = sourcecode.swift; path = CategoryViewController.swift; sourceTree = "<group>"; };
		048FD59E299BA8020060A447 /* MessageViewController.swift */ = {isa = PBXFileReference; lastKnownFileType = sourcecode.swift; path = MessageViewController.swift; sourceTree = "<group>"; };
		048FD5A0299BA8DA0060A447 /* ShopcartViewController.swift */ = {isa = PBXFileReference; lastKnownFileType = sourcecode.swift; path = ShopcartViewController.swift; sourceTree = "<group>"; };
		048FD5A2299BA8E80060A447 /* AccountViewController.swift */ = {isa = PBXFileReference; lastKnownFileType = sourcecode.swift; path = AccountViewController.swift; sourceTree = "<group>"; };
		048FD5A5299C00E20060A447 /* HomeTableViewCell.swift */ = {isa = PBXFileReference; lastKnownFileType = sourcecode.swift; path = HomeTableViewCell.swift; sourceTree = "<group>"; };
		048FD5A7299C00FF0060A447 /* HeaderHome.swift */ = {isa = PBXFileReference; lastKnownFileType = sourcecode.swift; path = HeaderHome.swift; sourceTree = "<group>"; };
		048FD5A9299C01330060A447 /* model.swift */ = {isa = PBXFileReference; lastKnownFileType = sourcecode.swift; path = model.swift; sourceTree = "<group>"; };
		04A1AF2E29A2DA9200791FC2 /* CollectionViewCell.swift */ = {isa = PBXFileReference; lastKnownFileType = sourcecode.swift; path = CollectionViewCell.swift; sourceTree = "<group>"; };
		04A1AF3029A2DF9200791FC2 /* modelCategory.swift */ = {isa = PBXFileReference; lastKnownFileType = sourcecode.swift; path = modelCategory.swift; sourceTree = "<group>"; };
		04DBED88299FD0EB00259FA6 /* MessageTableViewCell.swift */ = {isa = PBXFileReference; lastKnownFileType = sourcecode.swift; path = MessageTableViewCell.swift; sourceTree = "<group>"; };
		04DBED8A299FD72400259FA6 /* modelForMessage.swift */ = {isa = PBXFileReference; lastKnownFileType = sourcecode.swift; path = modelForMessage.swift; sourceTree = "<group>"; };
		04DBED8C299FEE6B00259FA6 /* ProfilItemsVC.swift */ = {isa = PBXFileReference; lastKnownFileType = sourcecode.swift; path = ProfilItemsVC.swift; sourceTree = "<group>"; };
/* End PBXFileReference section */

/* Begin PBXFrameworksBuildPhase section */
		048FD577299BA3CA0060A447 /* Frameworks */ = {
			isa = PBXFrameworksBuildPhase;
			buildActionMask = 2147483647;
			files = (
			);
			runOnlyForDeploymentPostprocessing = 0;
		};
/* End PBXFrameworksBuildPhase section */

/* Begin PBXGroup section */
		0428652B29A1317B0060D078 /* Shopcart */ = {
			isa = PBXGroup;
			children = (
				048FD5A0299BA8DA0060A447 /* ShopcartViewController.swift */,
				0428653029A133C70060D078 /* modelShopcart.swift */,
				0428652C29A131A60060D078 /* ShopCartTableViewCell.swift */,
			);
			path = Shopcart;
			sourceTree = "<group>";
		};
		048FD571299BA3C90060A447 = {
			isa = PBXGroup;
			children = (
				048FD57C299BA3CA0060A447 /* Kavsar project */,
				048FD57B299BA3CA0060A447 /* Products */,
			);
			sourceTree = "<group>";
		};
		048FD57B299BA3CA0060A447 /* Products */ = {
			isa = PBXGroup;
			children = (
				048FD57A299BA3CA0060A447 /* Kavsar project.app */,
			);
			name = Products;
			sourceTree = "<group>";
		};
		048FD57C299BA3CA0060A447 /* Kavsar project */ = {
			isa = PBXGroup;
			children = (
				04A1AF2D29A2DA6700791FC2 /* Category */,
				0428652B29A1317B0060D078 /* Shopcart */,
				04DBED87299FD0B700259FA6 /* Message */,
				048FD5A4299C00BE0060A447 /* account */,
				048FD595299BA6CD0060A447 /* main */,
				048FD596299BA6F60060A447 /* layout.swift */,
				048FD598299BA7630060A447 /* TabBarViewController.swift */,
				048FD59A299BA7DC0060A447 /* HomeViewController.swift */,
				048FD58B299BA3CC0060A447 /* Info.plist */,
			);
			path = "Kavsar project";
			sourceTree = "<group>";
		};
		048FD595299BA6CD0060A447 /* main */ = {
			isa = PBXGroup;
			children = (
				048FD57D299BA3CA0060A447 /* AppDelegate.swift */,
				048FD586299BA3CC0060A447 /* Assets.xcassets */,
				048FD588299BA3CC0060A447 /* LaunchScreen.storyboard */,
			);
			path = main;
			sourceTree = "<group>";
		};
		048FD5A4299C00BE0060A447 /* account */ = {
			isa = PBXGroup;
			children = (
				048FD5A2299BA8E80060A447 /* AccountViewController.swift */,
				04DBED8C299FEE6B00259FA6 /* ProfilItemsVC.swift */,
				048FD5A5299C00E20060A447 /* HomeTableViewCell.swift */,
				048FD5A7299C00FF0060A447 /* HeaderHome.swift */,
				048FD5A9299C01330060A447 /* model.swift */,
			);
			path = account;
			sourceTree = "<group>";
		};
		04A1AF2D29A2DA6700791FC2 /* Category */ = {
			isa = PBXGroup;
			children = (
				048FD59C299BA7F00060A447 /* CategoryViewController.swift */,
				04A1AF2E29A2DA9200791FC2 /* CollectionViewCell.swift */,
				04A1AF3029A2DF9200791FC2 /* modelCategory.swift */,
			);
			path = Category;
			sourceTree = "<group>";
		};
		04DBED87299FD0B700259FA6 /* Message */ = {
			isa = PBXGroup;
			children = (
				048FD59E299BA8020060A447 /* MessageViewController.swift */,
				04DBED88299FD0EB00259FA6 /* MessageTableViewCell.swift */,
				04DBED8A299FD72400259FA6 /* modelForMessage.swift */,
			);
			path = Message;
			sourceTree = "<group>";
		};
/* End PBXGroup section */

/* Begin PBXNativeTarget section */
		048FD579299BA3CA0060A447 /* Kavsar project */ = {
			isa = PBXNativeTarget;
			buildConfigurationList = 048FD58E299BA3CC0060A447 /* Build configuration list for PBXNativeTarget "Kavsar project" */;
			buildPhases = (
				048FD576299BA3CA0060A447 /* Sources */,
				048FD577299BA3CA0060A447 /* Frameworks */,
				048FD578299BA3CA0060A447 /* Resources */,
			);
			buildRules = (
			);
			dependencies = (
			);
			name = "Kavsar project";
			productName = "Kavsar project";
			productReference = 048FD57A299BA3CA0060A447 /* Kavsar project.app */;
			productType = "com.apple.product-type.application";
		};
/* End PBXNativeTarget section */

/* Begin PBXProject section */
		048FD572299BA3C90060A447 /* Project object */ = {
			isa = PBXProject;
			attributes = {
				BuildIndependentTargetsInParallel = 1;
				LastSwiftUpdateCheck = 1420;
				LastUpgradeCheck = 1420;
				TargetAttributes = {
					048FD579299BA3CA0060A447 = {
						CreatedOnToolsVersion = 14.2;
					};
				};
			};
			buildConfigurationList = 048FD575299BA3C90060A447 /* Build configuration list for PBXProject "Kavsar project" */;
			compatibilityVersion = "Xcode 14.0";
			developmentRegion = en;
			hasScannedForEncodings = 0;
			knownRegions = (
				en,
				Base,
			);
			mainGroup = 048FD571299BA3C90060A447;
			productRefGroup = 048FD57B299BA3CA0060A447 /* Products */;
			projectDirPath = "";
			projectRoot = "";
			targets = (
				048FD579299BA3CA0060A447 /* Kavsar project */,
			);
		};
/* End PBXProject section */

/* Begin PBXResourcesBuildPhase section */
		048FD578299BA3CA0060A447 /* Resources */ = {
			isa = PBXResourcesBuildPhase;
			buildActionMask = 2147483647;
			files = (
				048FD58A299BA3CC0060A447 /* LaunchScreen.storyboard in Resources */,
				048FD587299BA3CC0060A447 /* Assets.xcassets in Resources */,
			);
			runOnlyForDeploymentPostprocessing = 0;
		};
/* End PBXResourcesBuildPhase section */

/* Begin PBXSourcesBuildPhase section */
		048FD576299BA3CA0060A447 /* Sources */ = {
			isa = PBXSourcesBuildPhase;
			buildActionMask = 2147483647;
			files = (
				048FD5A1299BA8DA0060A447 /* ShopcartViewController.swift in Sources */,
				04DBED8B299FD72400259FA6 /* modelForMessage.swift in Sources */,
				04A1AF2F29A2DA9200791FC2 /* CollectionViewCell.swift in Sources */,
				048FD59D299BA7F00060A447 /* CategoryViewController.swift in Sources */,
				0428653129A133C70060D078 /* modelShopcart.swift in Sources */,
				0428652D29A131A60060D078 /* ShopCartTableViewCell.swift in Sources */,
				048FD5AA299C01330060A447 /* model.swift in Sources */,
				048FD5A3299BA8E80060A447 /* AccountViewController.swift in Sources */,
				048FD5A8299C00FF0060A447 /* HeaderHome.swift in Sources */,
				04A1AF3129A2DF9200791FC2 /* modelCategory.swift in Sources */,
				04DBED89299FD0EB00259FA6 /* MessageTableViewCell.swift in Sources */,
				048FD599299BA7630060A447 /* TabBarViewController.swift in Sources */,
				048FD597299BA6F60060A447 /* layout.swift in Sources */,
				048FD57E299BA3CA0060A447 /* AppDelegate.swift in Sources */,
				048FD5A6299C00E20060A447 /* HomeTableViewCell.swift in Sources */,
				048FD59F299BA8020060A447 /* MessageViewController.swift in Sources */,
				048FD59B299BA7DC0060A447 /* HomeViewController.swift in Sources */,
				04DBED8D299FEE6B00259FA6 /* ProfilItemsVC.swift in Sources */,
			);
			runOnlyForDeploymentPostprocessing = 0;
		};
/* End PBXSourcesBuildPhase section */

/* Begin PBXVariantGroup section */
		048FD588299BA3CC0060A447 /* LaunchScreen.storyboard */ = {
			isa = PBXVariantGroup;
			children = (
				048FD589299BA3CC0060A447 /* Base */,
			);
			name = LaunchScreen.storyboard;
			sourceTree = "<group>";
		};
/* End PBXVariantGroup section */

/* Begin XCBuildConfiguration section */
		048FD58C299BA3CC0060A447 /* Debug */ = {
			isa = XCBuildConfiguration;
			buildSettings = {
				ALWAYS_SEARCH_USER_PATHS = NO;
				CLANG_ANALYZER_NONNULL = YES;
				CLANG_ANALYZER_NUMBER_OBJECT_CONVERSION = YES_AGGRESSIVE;
				CLANG_CXX_LANGUAGE_STANDARD = "gnu++20";
				CLANG_ENABLE_MODULES = YES;
				CLANG_ENABLE_OBJC_ARC = YES;
				CLANG_ENABLE_OBJC_WEAK = YES;
				CLANG_WARN_BLOCK_CAPTURE_AUTORELEASING = YES;
				CLANG_WARN_BOOL_CONVERSION = YES;
				CLANG_WARN_COMMA = YES;
				CLANG_WARN_CONSTANT_CONVERSION = YES;
				CLANG_WARN_DEPRECATED_OBJC_IMPLEMENTATIONS = YES;
				CLANG_WARN_DIRECT_OBJC_ISA_USAGE = YES_ERROR;
				CLANG_WARN_DOCUMENTATION_COMMENTS = YES;
				CLANG_WARN_EMPTY_BODY = YES;
				CLANG_WARN_ENUM_CONVERSION = YES;
				CLANG_WARN_INFINITE_RECURSION = YES;
				CLANG_WARN_INT_CONVERSION = YES;
				CLANG_WARN_NON_LITERAL_NULL_CONVERSION = YES;
				CLANG_WARN_OBJC_IMPLICIT_RETAIN_SELF = YES;
				CLANG_WARN_OBJC_LITERAL_CONVERSION = YES;
				CLANG_WARN_OBJC_ROOT_CLASS = YES_ERROR;
				CLANG_WARN_QUOTED_INCLUDE_IN_FRAMEWORK_HEADER = YES;
				CLANG_WARN_RANGE_LOOP_ANALYSIS = YES;
				CLANG_WARN_STRICT_PROTOTYPES = YES;
				CLANG_WARN_SUSPICIOUS_MOVE = YES;
				CLANG_WARN_UNGUARDED_AVAILABILITY = YES_AGGRESSIVE;
				CLANG_WARN_UNREACHABLE_CODE = YES;
				CLANG_WARN__DUPLICATE_METHOD_MATCH = YES;
				COPY_PHASE_STRIP = NO;
				DEBUG_INFORMATION_FORMAT = dwarf;
				ENABLE_STRICT_OBJC_MSGSEND = YES;
				ENABLE_TESTABILITY = YES;
				GCC_C_LANGUAGE_STANDARD = gnu11;
				GCC_DYNAMIC_NO_PIC = NO;
				GCC_NO_COMMON_BLOCKS = YES;
				GCC_OPTIMIZATION_LEVEL = 0;
				GCC_PREPROCESSOR_DEFINITIONS = (
					"DEBUG=1",
					"$(inherited)",
				);
				GCC_WARN_64_TO_32_BIT_CONVERSION = YES;
				GCC_WARN_ABOUT_RETURN_TYPE = YES_ERROR;
				GCC_WARN_UNDECLARED_SELECTOR = YES;
				GCC_WARN_UNINITIALIZED_AUTOS = YES_AGGRESSIVE;
				GCC_WARN_UNUSED_FUNCTION = YES;
				GCC_WARN_UNUSED_VARIABLE = YES;
				IPHONEOS_DEPLOYMENT_TARGET = 16.2;
				MTL_ENABLE_DEBUG_INFO = INCLUDE_SOURCE;
				MTL_FAST_MATH = YES;
				ONLY_ACTIVE_ARCH = YES;
				SDKROOT = iphoneos;
				SWIFT_ACTIVE_COMPILATION_CONDITIONS = DEBUG;
				SWIFT_OPTIMIZATION_LEVEL = "-Onone";
			};
			name = Debug;
		};
		048FD58D299BA3CC0060A447 /* Release */ = {
			isa = XCBuildConfiguration;
			buildSettings = {
				ALWAYS_SEARCH_USER_PATHS = NO;
				CLANG_ANALYZER_NONNULL = YES;
				CLANG_ANALYZER_NUMBER_OBJECT_CONVERSION = YES_AGGRESSIVE;
				CLANG_CXX_LANGUAGE_STANDARD = "gnu++20";
				CLANG_ENABLE_MODULES = YES;
				CLANG_ENABLE_OBJC_ARC = YES;
				CLANG_ENABLE_OBJC_WEAK = YES;
				CLANG_WARN_BLOCK_CAPTURE_AUTORELEASING = YES;
				CLANG_WARN_BOOL_CONVERSION = YES;
				CLANG_WARN_COMMA = YES;
				CLANG_WARN_CONSTANT_CONVERSION = YES;
				CLANG_WARN_DEPRECATED_OBJC_IMPLEMENTATIONS = YES;
				CLANG_WARN_DIRECT_OBJC_ISA_USAGE = YES_ERROR;
				CLANG_WARN_DOCUMENTATION_COMMENTS = YES;
				CLANG_WARN_EMPTY_BODY = YES;
				CLANG_WARN_ENUM_CONVERSION = YES;
				CLANG_WARN_INFINITE_RECURSION = YES;
				CLANG_WARN_INT_CONVERSION = YES;
				CLANG_WARN_NON_LITERAL_NULL_CONVERSION = YES;
				CLANG_WARN_OBJC_IMPLICIT_RETAIN_SELF = YES;
				CLANG_WARN_OBJC_LITERAL_CONVERSION = YES;
				CLANG_WARN_OBJC_ROOT_CLASS = YES_ERROR;
				CLANG_WARN_QUOTED_INCLUDE_IN_FRAMEWORK_HEADER = YES;
				CLANG_WARN_RANGE_LOOP_ANALYSIS = YES;
				CLANG_WARN_STRICT_PROTOTYPES = YES;
				CLANG_WARN_SUSPICIOUS_MOVE = YES;
				CLANG_WARN_UNGUARDED_AVAILABILITY = YES_AGGRESSIVE;
				CLANG_WARN_UNREACHABLE_CODE = YES;
				CLANG_WARN__DUPLICATE_METHOD_MATCH = YES;
				COPY_PHASE_STRIP = NO;
				DEBUG_INFORMATION_FORMAT = "dwarf-with-dsym";
				ENABLE_NS_ASSERTIONS = NO;
				ENABLE_STRICT_OBJC_MSGSEND = YES;
				GCC_C_LANGUAGE_STANDARD = gnu11;
				GCC_NO_COMMON_BLOCKS = YES;
				GCC_WARN_64_TO_32_BIT_CONVERSION = YES;
				GCC_WARN_ABOUT_RETURN_TYPE = YES_ERROR;
				GCC_WARN_UNDECLARED_SELECTOR = YES;
				GCC_WARN_UNINITIALIZED_AUTOS = YES_AGGRESSIVE;
				GCC_WARN_UNUSED_FUNCTION = YES;
				GCC_WARN_UNUSED_VARIABLE = YES;
				IPHONEOS_DEPLOYMENT_TARGET = 16.2;
				MTL_ENABLE_DEBUG_INFO = NO;
				MTL_FAST_MATH = YES;
				SDKROOT = iphoneos;
				SWIFT_COMPILATION_MODE = wholemodule;
				SWIFT_OPTIMIZATION_LEVEL = "-O";
				VALIDATE_PRODUCT = YES;
			};
			name = Release;
		};
		048FD58F299BA3CC0060A447 /* Debug */ = {
			isa = XCBuildConfiguration;
			buildSettings = {
				ASSETCATALOG_COMPILER_APPICON_NAME = AppIcon;
				ASSETCATALOG_COMPILER_GLOBAL_ACCENT_COLOR_NAME = AccentColor;
				CODE_SIGN_STYLE = Automatic;
				CURRENT_PROJECT_VERSION = 1;
				DEVELOPMENT_TEAM = Y6KM2TQ2K4;
				GENERATE_INFOPLIST_FILE = YES;
				INFOPLIST_FILE = "Kavsar project/Info.plist";
				INFOPLIST_KEY_UIApplicationSupportsIndirectInputEvents = YES;
				INFOPLIST_KEY_UILaunchStoryboardName = LaunchScreen;
				INFOPLIST_KEY_UISupportedInterfaceOrientations_iPad = "UIInterfaceOrientationPortrait UIInterfaceOrientationPortraitUpsideDown UIInterfaceOrientationLandscapeLeft UIInterfaceOrientationLandscapeRight";
				INFOPLIST_KEY_UISupportedInterfaceOrientations_iPhone = "UIInterfaceOrientationPortrait UIInterfaceOrientationLandscapeLeft UIInterfaceOrientationLandscapeRight";
				LD_RUNPATH_SEARCH_PATHS = (
					"$(inherited)",
					"@executable_path/Frameworks",
				);
				MARKETING_VERSION = 1.0;
				PRODUCT_BUNDLE_IDENTIFIER = "isroil.Kavsar-project";
				PRODUCT_NAME = "$(TARGET_NAME)";
				SWIFT_EMIT_LOC_STRINGS = YES;
				SWIFT_VERSION = 5.0;
				TARGETED_DEVICE_FAMILY = "1,2";
			};
			name = Debug;
		};
		048FD590299BA3CC0060A447 /* Release */ = {
			isa = XCBuildConfiguration;
			buildSettings = {
				ASSETCATALOG_COMPILER_APPICON_NAME = AppIcon;
				ASSETCATALOG_COMPILER_GLOBAL_ACCENT_COLOR_NAME = AccentColor;
				CODE_SIGN_STYLE = Automatic;
				CURRENT_PROJECT_VERSION = 1;
				DEVELOPMENT_TEAM = Y6KM2TQ2K4;
				GENERATE_INFOPLIST_FILE = YES;
				INFOPLIST_FILE = "Kavsar project/Info.plist";
				INFOPLIST_KEY_UIApplicationSupportsIndirectInputEvents = YES;
				INFOPLIST_KEY_UILaunchStoryboardName = LaunchScreen;
				INFOPLIST_KEY_UISupportedInterfaceOrientations_iPad = "UIInterfaceOrientationPortrait UIInterfaceOrientationPortraitUpsideDown UIInterfaceOrientationLandscapeLeft UIInterfaceOrientationLandscapeRight";
				INFOPLIST_KEY_UISupportedInterfaceOrientations_iPhone = "UIInterfaceOrientationPortrait UIInterfaceOrientationLandscapeLeft UIInterfaceOrientationLandscapeRight";
				LD_RUNPATH_SEARCH_PATHS = (
					"$(inherited)",
					"@executable_path/Frameworks",
				);
				MARKETING_VERSION = 1.0;
				PRODUCT_BUNDLE_IDENTIFIER = "isroil.Kavsar-project";
				PRODUCT_NAME = "$(TARGET_NAME)";
				SWIFT_EMIT_LOC_STRINGS = YES;
				SWIFT_VERSION = 5.0;
				TARGETED_DEVICE_FAMILY = "1,2";
			};
			name = Release;
		};
/* End XCBuildConfiguration section */

/* Begin XCConfigurationList section */
		048FD575299BA3C90060A447 /* Build configuration list for PBXProject "Kavsar project" */ = {
			isa = XCConfigurationList;
			buildConfigurations = (
				048FD58C299BA3CC0060A447 /* Debug */,
				048FD58D299BA3CC0060A447 /* Release */,
			);
			defaultConfigurationIsVisible = 0;
			defaultConfigurationName = Release;
		};
		048FD58E299BA3CC0060A447 /* Build configuration list for PBXNativeTarget "Kavsar project" */ = {
			isa = XCConfigurationList;
			buildConfigurations = (
				048FD58F299BA3CC0060A447 /* Debug */,
				048FD590299BA3CC0060A447 /* Release */,
			);
			defaultConfigurationIsVisible = 0;
			defaultConfigurationName = Release;
		};
/* End XCConfigurationList section */
	};
	rootObject = 048FD572299BA3C90060A447 /* Project object */;
}
